
Microsoft Visual Studio Solution File, Format Version 12.00
# Visual Studio Version 17
VisualStudioVersion = 17.2.32526.322
MinimumVisualStudioVersion = 10.0.40219.1
Project("{8BC9CEB8-8B4A-11D0-8D11-00A0C91BC942}") = "P12V_Launikonis_Justinas_Egzaminas", "P12V_Launikonis_Justinas_Egzaminas.vcxproj", "{2F0A19E4-1AB5-4DB4-81CD-585A1947D43B}"
EndProject
Global
	GlobalSection(SolutionConfigurationPlatforms) = preSolution
		Debug|x64 = Debug|x64
		Debug|x86 = Debug|x86
		Release|x64 = Release|x64
		Release|x86 = Release|x86
	EndGlobalSection
	GlobalSection(ProjectConfigurationPlatforms) = postSolution
		{2F0A19E4-1AB5-4DB4-81CD-585A1947D43B}.Debug|x64.ActiveCfg = Debug|x64
		{2F0A19E4-1AB5-4DB4-81CD-585A1947D43B}.Debug|x64.Build.0 = Debug|x64
		{2F0A19E4-1AB5-4DB4-81CD-585A1947D43B}.Debug|x86.ActiveCfg = Debug|Win32
		{2F0A19E4-1AB5-4DB4-81CD-585A1947D43B}.Debug|x86.Build.0 = Debug|Win32
		{2F0A19E4-1AB5-4DB4-81CD-585A1947D43B}.Release|x64.ActiveCfg = Release|x64
		{2F0A19E4-1AB5-4DB4-81CD-585A1947D43B}.Release|x64.Build.0 = Release|x64
		{2F0A19E4-1AB5-4DB4-81CD-585A1947D43B}.Release|x86.ActiveCfg = Release|Win32
		{2F0A19E4-1AB5-4DB4-81CD-585A1947D43B}.Release|x86.Build.0 = Release|Win32
	EndGlobalSection
	GlobalSection(SolutionProperties) = preSolution
		HideSolutionNode = FALSE
	EndGlobalSection
	GlobalSection(ExtensibilityGlobals) = postSolution
		SolutionGuid = {93454CD1-D340-4590-B247-82315E4476DB}
	EndGlobalSection
EndGlobal
